
Microsoft Visual Studio Solution File, Format Version 12.00
# Visual Studio Version 16
VisualStudioVersion = 16.0.29613.14
MinimumVisualStudioVersion = 10.0.40219.1
Project("{FAE04EC0-301F-11D3-BF4B-00C04F79EFBC}") = "BuyFromAllService", "BuyFromAllService\BuyFromAllService.csproj", "{DF2AEFEA-37AD-43B4-BCF7-891753A36BB1}"
EndProject
Project("{FAE04EC0-301F-11D3-BF4B-00C04F79EFBC}") = "BuyFromAllService.Tests", "BuyFromAllService.Tests\BuyFromAllService.Tests.csproj", "{D6C9105B-EC4D-4BB9-80F1-EF18D6E77B7E}"
EndProject
Project("{FAE04EC0-301F-11D3-BF4B-00C04F79EFBC}") = "DAL", "DAL\DAL.csproj", "{2300412F-A80F-4B8B-B449-193897258FAC}"
EndProject
Project("{FAE04EC0-301F-11D3-BF4B-00C04F79EFBC}") = "BL", "BL\BL.csproj", "{F790E4E8-AA62-4587-BA9E-BDF9160138A5}"
EndProject
Project("{FAE04EC0-301F-11D3-BF4B-00C04F79EFBC}") = "Models", "Entities\Models.csproj", "{8B9B5A5E-DB72-4262-91C9-06FFA405AD41}"
EndProject
Project("{FAE04EC0-301F-11D3-BF4B-00C04F79EFBC}") = "AM.Tools.Connectivity", "AM.Tools.Connectivity\AM.Tools.Connectivity.csproj", "{1A45CC07-64BD-4FF8-8223-DA20C4D497DD}"
EndProject
Project("{FAE04EC0-301F-11D3-BF4B-00C04F79EFBC}") = "AM.Tools.MySqlCustomClientFactory", "AM.Tools.MySqlCustomClientFactory\AM.Tools.MySqlCustomClientFactory.csproj", "{D8FA5628-84F5-49E7-8C68-7797681820B8}"
EndProject
Project("{FAE04EC0-301F-11D3-BF4B-00C04F79EFBC}") = "AM.DBMapper", "AM.DBMapper\AM.DBMapper.csproj", "{676587AB-E8AB-452B-A53B-1E17045C852F}"
EndProject
Project("{FAE04EC0-301F-11D3-BF4B-00C04F79EFBC}") = "Dto", "Dto\Dto.csproj", "{D73A66A6-BF80-42F3-BA7D-C1C0B9F9305D}"
EndProject
Global
	GlobalSection(SolutionConfigurationPlatforms) = preSolution
		Debug|Any CPU = Debug|Any CPU
		QA|Any CPU = QA|Any CPU
		Release|Any CPU = Release|Any CPU
		staging|Any CPU = staging|Any CPU
	EndGlobalSection
	GlobalSection(ProjectConfigurationPlatforms) = postSolution
		{DF2AEFEA-37AD-43B4-BCF7-891753A36BB1}.Debug|Any CPU.ActiveCfg = Debug|Any CPU
		{DF2AEFEA-37AD-43B4-BCF7-891753A36BB1}.Debug|Any CPU.Build.0 = Debug|Any CPU
		{DF2AEFEA-37AD-43B4-BCF7-891753A36BB1}.QA|Any CPU.ActiveCfg = Release|Any CPU
		{DF2AEFEA-37AD-43B4-BCF7-891753A36BB1}.QA|Any CPU.Build.0 = Release|Any CPU
		{DF2AEFEA-37AD-43B4-BCF7-891753A36BB1}.Release|Any CPU.ActiveCfg = Release|Any CPU
		{DF2AEFEA-37AD-43B4-BCF7-891753A36BB1}.Release|Any CPU.Build.0 = Release|Any CPU
		{DF2AEFEA-37AD-43B4-BCF7-891753A36BB1}.staging|Any CPU.ActiveCfg = Release|Any CPU
		{DF2AEFEA-37AD-43B4-BCF7-891753A36BB1}.staging|Any CPU.Build.0 = Release|Any CPU
		{D6C9105B-EC4D-4BB9-80F1-EF18D6E77B7E}.Debug|Any CPU.ActiveCfg = Debug|Any CPU
		{D6C9105B-EC4D-4BB9-80F1-EF18D6E77B7E}.Debug|Any CPU.Build.0 = Debug|Any CPU
		{D6C9105B-EC4D-4BB9-80F1-EF18D6E77B7E}.QA|Any CPU.ActiveCfg = Release|Any CPU
		{D6C9105B-EC4D-4BB9-80F1-EF18D6E77B7E}.QA|Any CPU.Build.0 = Release|Any CPU
		{D6C9105B-EC4D-4BB9-80F1-EF18D6E77B7E}.Release|Any CPU.ActiveCfg = Release|Any CPU
		{D6C9105B-EC4D-4BB9-80F1-EF18D6E77B7E}.Release|Any CPU.Build.0 = Release|Any CPU
		{D6C9105B-EC4D-4BB9-80F1-EF18D6E77B7E}.staging|Any CPU.ActiveCfg = Release|Any CPU
		{D6C9105B-EC4D-4BB9-80F1-EF18D6E77B7E}.staging|Any CPU.Build.0 = Release|Any CPU
		{2300412F-A80F-4B8B-B449-193897258FAC}.Debug|Any CPU.ActiveCfg = Debug|Any CPU
		{2300412F-A80F-4B8B-B449-193897258FAC}.Debug|Any CPU.Build.0 = Debug|Any CPU
		{2300412F-A80F-4B8B-B449-193897258FAC}.QA|Any CPU.ActiveCfg = Release|Any CPU
		{2300412F-A80F-4B8B-B449-193897258FAC}.QA|Any CPU.Build.0 = Release|Any CPU
		{2300412F-A80F-4B8B-B449-193897258FAC}.Release|Any CPU.ActiveCfg = Release|Any CPU
		{2300412F-A80F-4B8B-B449-193897258FAC}.Release|Any CPU.Build.0 = Release|Any CPU
		{2300412F-A80F-4B8B-B449-193897258FAC}.staging|Any CPU.ActiveCfg = Release|Any CPU
		{2300412F-A80F-4B8B-B449-193897258FAC}.staging|Any CPU.Build.0 = Release|Any CPU
		{F790E4E8-AA62-4587-BA9E-BDF9160138A5}.Debug|Any CPU.ActiveCfg = Debug|Any CPU
		{F790E4E8-AA62-4587-BA9E-BDF9160138A5}.Debug|Any CPU.Build.0 = Debug|Any CPU
		{F790E4E8-AA62-4587-BA9E-BDF9160138A5}.QA|Any CPU.ActiveCfg = Release|Any CPU
		{F790E4E8-AA62-4587-BA9E-BDF9160138A5}.QA|Any CPU.Build.0 = Release|Any CPU
		{F790E4E8-AA62-4587-BA9E-BDF9160138A5}.Release|Any CPU.ActiveCfg = Release|Any CPU
		{F790E4E8-AA62-4587-BA9E-BDF9160138A5}.Release|Any CPU.Build.0 = Release|Any CPU
		{F790E4E8-AA62-4587-BA9E-BDF9160138A5}.staging|Any CPU.ActiveCfg = Release|Any CPU
		{F790E4E8-AA62-4587-BA9E-BDF9160138A5}.staging|Any CPU.Build.0 = Release|Any CPU
		{8B9B5A5E-DB72-4262-91C9-06FFA405AD41}.Debug|Any CPU.ActiveCfg = Debug|Any CPU
		{8B9B5A5E-DB72-4262-91C9-06FFA405AD41}.Debug|Any CPU.Build.0 = Debug|Any CPU
		{8B9B5A5E-DB72-4262-91C9-06FFA405AD41}.QA|Any CPU.ActiveCfg = Release|Any CPU
		{8B9B5A5E-DB72-4262-91C9-06FFA405AD41}.QA|Any CPU.Build.0 = Release|Any CPU
		{8B9B5A5E-DB72-4262-91C9-06FFA405AD41}.Release|Any CPU.ActiveCfg = Release|Any CPU
		{8B9B5A5E-DB72-4262-91C9-06FFA405AD41}.Release|Any CPU.Build.0 = Release|Any CPU
		{8B9B5A5E-DB72-4262-91C9-06FFA405AD41}.staging|Any CPU.ActiveCfg = Release|Any CPU
		{8B9B5A5E-DB72-4262-91C9-06FFA405AD41}.staging|Any CPU.Build.0 = Release|Any CPU
		{1A45CC07-64BD-4FF8-8223-DA20C4D497DD}.Debug|Any CPU.ActiveCfg = Debug|Any CPU
		{1A45CC07-64BD-4FF8-8223-DA20C4D497DD}.Debug|Any CPU.Build.0 = Debug|Any CPU
		{1A45CC07-64BD-4FF8-8223-DA20C4D497DD}.QA|Any CPU.ActiveCfg = QA|Any CPU
		{1A45CC07-64BD-4FF8-8223-DA20C4D497DD}.QA|Any CPU.Build.0 = QA|Any CPU
		{1A45CC07-64BD-4FF8-8223-DA20C4D497DD}.Release|Any CPU.ActiveCfg = Release|Any CPU
		{1A45CC07-64BD-4FF8-8223-DA20C4D497DD}.Release|Any CPU.Build.0 = Release|Any CPU
		{1A45CC07-64BD-4FF8-8223-DA20C4D497DD}.staging|Any CPU.ActiveCfg = staging|Any CPU
		{1A45CC07-64BD-4FF8-8223-DA20C4D497DD}.staging|Any CPU.Build.0 = staging|Any CPU
		{D8FA5628-84F5-49E7-8C68-7797681820B8}.Debug|Any CPU.ActiveCfg = Debug|Any CPU
		{D8FA5628-84F5-49E7-8C68-7797681820B8}.Debug|Any CPU.Build.0 = Debug|Any CPU
		{D8FA5628-84F5-49E7-8C68-7797681820B8}.QA|Any CPU.ActiveCfg = QA|Any CPU
		{D8FA5628-84F5-49E7-8C68-7797681820B8}.QA|Any CPU.Build.0 = QA|Any CPU
		{D8FA5628-84F5-49E7-8C68-7797681820B8}.Release|Any CPU.ActiveCfg = Release|Any CPU
		{D8FA5628-84F5-49E7-8C68-7797681820B8}.Release|Any CPU.Build.0 = Release|Any CPU
		{D8FA5628-84F5-49E7-8C68-7797681820B8}.staging|Any CPU.ActiveCfg = staging|Any CPU
		{D8FA5628-84F5-49E7-8C68-7797681820B8}.staging|Any CPU.Build.0 = staging|Any CPU
		{676587AB-E8AB-452B-A53B-1E17045C852F}.Debug|Any CPU.ActiveCfg = Debug|Any CPU
		{676587AB-E8AB-452B-A53B-1E17045C852F}.Debug|Any CPU.Build.0 = Debug|Any CPU
		{676587AB-E8AB-452B-A53B-1E17045C852F}.QA|Any CPU.ActiveCfg = Release|Any CPU
		{676587AB-E8AB-452B-A53B-1E17045C852F}.QA|Any CPU.Build.0 = Release|Any CPU
		{676587AB-E8AB-452B-A53B-1E17045C852F}.Release|Any CPU.ActiveCfg = Release|Any CPU
		{676587AB-E8AB-452B-A53B-1E17045C852F}.Release|Any CPU.Build.0 = Release|Any CPU
		{676587AB-E8AB-452B-A53B-1E17045C852F}.staging|Any CPU.ActiveCfg = Release|Any CPU
		{676587AB-E8AB-452B-A53B-1E17045C852F}.staging|Any CPU.Build.0 = Release|Any CPU
		{D73A66A6-BF80-42F3-BA7D-C1C0B9F9305D}.Debug|Any CPU.ActiveCfg = Debug|Any CPU
		{D73A66A6-BF80-42F3-BA7D-C1C0B9F9305D}.Debug|Any CPU.Build.0 = Debug|Any CPU
		{D73A66A6-BF80-42F3-BA7D-C1C0B9F9305D}.QA|Any CPU.ActiveCfg = Release|Any CPU
		{D73A66A6-BF80-42F3-BA7D-C1C0B9F9305D}.QA|Any CPU.Build.0 = Release|Any CPU
		{D73A66A6-BF80-42F3-BA7D-C1C0B9F9305D}.Release|Any CPU.ActiveCfg = Release|Any CPU
		{D73A66A6-BF80-42F3-BA7D-C1C0B9F9305D}.Release|Any CPU.Build.0 = Release|Any CPU
		{D73A66A6-BF80-42F3-BA7D-C1C0B9F9305D}.staging|Any CPU.ActiveCfg = Release|Any CPU
		{D73A66A6-BF80-42F3-BA7D-C1C0B9F9305D}.staging|Any CPU.Build.0 = Release|Any CPU
	EndGlobalSection
	GlobalSection(SolutionProperties) = preSolution
		HideSolutionNode = FALSE
	EndGlobalSection
	GlobalSection(ExtensibilityGlobals) = postSolution
		SolutionGuid = {3D584C14-3D32-4968-BEDB-C3FEE481CFE9}
	EndGlobalSection
EndGlobal
